
Microsoft Visual Studio Solution File, Format Version 12.00
# Visual Studio 2012
Project("{FAE04EC0-301F-11D3-BF4B-00C04F79EFBC}") = "Rafis", "Rafis\Rafis.csproj", "{CE73F44C-BC1E-41BC-9543-3EE53649FDCB}"
EndProject
Project("{FAE04EC0-301F-11D3-BF4B-00C04F79EFBC}") = "SystemTrayApp", "..\SystemTrayApp\SystemTrayApp.csproj", "{F317AF2E-9704-4A2A-BDAE-B4662ED9483B}"
	ProjectSection(ProjectDependencies) = postProject
		{CE73F44C-BC1E-41BC-9543-3EE53649FDCB} = {CE73F44C-BC1E-41BC-9543-3EE53649FDCB}
	EndProjectSection
EndProject
Project("{FAE04EC0-301F-11D3-BF4B-00C04F79EFBC}") = "RafisDLL", "RafisDLL\RafisDLL.csproj", "{76FDFEA9-AF28-43D5-9D38-9283D7F5D03D}"
EndProject
Project("{FAE04EC0-301F-11D3-BF4B-00C04F79EFBC}") = "NChordLib", "..\Nchord\NChordLib\NChordLib.csproj", "{EFE450D1-4007-41E4-99FD-EC47B062A4BB}"
EndProject
Project("{FAE04EC0-301F-11D3-BF4B-00C04F79EFBC}") = "NChordServer", "..\Nchord\NChordServer\NChordServer.csproj", "{8F2303A7-448C-4F4B-BF2C-4393270CDA44}"
EndProject
Global
	GlobalSection(SolutionConfigurationPlatforms) = preSolution
		CD_ROM|Any CPU = CD_ROM|Any CPU
		CD_ROM|Mixed Platforms = CD_ROM|Mixed Platforms
		CD_ROM|x86 = CD_ROM|x86
		Debug|Any CPU = Debug|Any CPU
		Debug|Mixed Platforms = Debug|Mixed Platforms
		Debug|x86 = Debug|x86
		DVD-5|Any CPU = DVD-5|Any CPU
		DVD-5|Mixed Platforms = DVD-5|Mixed Platforms
		DVD-5|x86 = DVD-5|x86
		Release|Any CPU = Release|Any CPU
		Release|Mixed Platforms = Release|Mixed Platforms
		Release|x86 = Release|x86
		SingleImage|Any CPU = SingleImage|Any CPU
		SingleImage|Mixed Platforms = SingleImage|Mixed Platforms
		SingleImage|x86 = SingleImage|x86
	EndGlobalSection
	GlobalSection(ProjectConfigurationPlatforms) = postSolution
		{CE73F44C-BC1E-41BC-9543-3EE53649FDCB}.CD_ROM|Any CPU.ActiveCfg = Release|Any CPU
		{CE73F44C-BC1E-41BC-9543-3EE53649FDCB}.CD_ROM|Any CPU.Build.0 = Release|Any CPU
		{CE73F44C-BC1E-41BC-9543-3EE53649FDCB}.CD_ROM|Mixed Platforms.ActiveCfg = Debug|Any CPU
		{CE73F44C-BC1E-41BC-9543-3EE53649FDCB}.CD_ROM|Mixed Platforms.Build.0 = Debug|Any CPU
		{CE73F44C-BC1E-41BC-9543-3EE53649FDCB}.CD_ROM|x86.ActiveCfg = Debug|Any CPU
		{CE73F44C-BC1E-41BC-9543-3EE53649FDCB}.Debug|Any CPU.ActiveCfg = Debug|Any CPU
		{CE73F44C-BC1E-41BC-9543-3EE53649FDCB}.Debug|Any CPU.Build.0 = Debug|Any CPU
		{CE73F44C-BC1E-41BC-9543-3EE53649FDCB}.Debug|Mixed Platforms.ActiveCfg = Debug|Any CPU
		{CE73F44C-BC1E-41BC-9543-3EE53649FDCB}.Debug|Mixed Platforms.Build.0 = Debug|Any CPU
		{CE73F44C-BC1E-41BC-9543-3EE53649FDCB}.Debug|x86.ActiveCfg = Debug|Any CPU
		{CE73F44C-BC1E-41BC-9543-3EE53649FDCB}.DVD-5|Any CPU.ActiveCfg = Debug|Any CPU
		{CE73F44C-BC1E-41BC-9543-3EE53649FDCB}.DVD-5|Any CPU.Build.0 = Debug|Any CPU
		{CE73F44C-BC1E-41BC-9543-3EE53649FDCB}.DVD-5|Mixed Platforms.ActiveCfg = Debug|Any CPU
		{CE73F44C-BC1E-41BC-9543-3EE53649FDCB}.DVD-5|Mixed Platforms.Build.0 = Debug|Any CPU
		{CE73F44C-BC1E-41BC-9543-3EE53649FDCB}.DVD-5|x86.ActiveCfg = Debug|Any CPU
		{CE73F44C-BC1E-41BC-9543-3EE53649FDCB}.Release|Any CPU.ActiveCfg = Release|Any CPU
		{CE73F44C-BC1E-41BC-9543-3EE53649FDCB}.Release|Any CPU.Build.0 = Release|Any CPU
		{CE73F44C-BC1E-41BC-9543-3EE53649FDCB}.Release|Mixed Platforms.ActiveCfg = Release|Any CPU
		{CE73F44C-BC1E-41BC-9543-3EE53649FDCB}.Release|Mixed Platforms.Build.0 = Release|Any CPU
		{CE73F44C-BC1E-41BC-9543-3EE53649FDCB}.Release|x86.ActiveCfg = Release|Any CPU
		{CE73F44C-BC1E-41BC-9543-3EE53649FDCB}.SingleImage|Any CPU.ActiveCfg = Release|Any CPU
		{CE73F44C-BC1E-41BC-9543-3EE53649FDCB}.SingleImage|Any CPU.Build.0 = Release|Any CPU
		{CE73F44C-BC1E-41BC-9543-3EE53649FDCB}.SingleImage|Mixed Platforms.ActiveCfg = Debug|Any CPU
		{CE73F44C-BC1E-41BC-9543-3EE53649FDCB}.SingleImage|Mixed Platforms.Build.0 = Debug|Any CPU
		{CE73F44C-BC1E-41BC-9543-3EE53649FDCB}.SingleImage|x86.ActiveCfg = Debug|Any CPU
		{F317AF2E-9704-4A2A-BDAE-B4662ED9483B}.CD_ROM|Any CPU.ActiveCfg = Release|x86
		{F317AF2E-9704-4A2A-BDAE-B4662ED9483B}.CD_ROM|Mixed Platforms.ActiveCfg = Release|x86
		{F317AF2E-9704-4A2A-BDAE-B4662ED9483B}.CD_ROM|Mixed Platforms.Build.0 = Release|x86
		{F317AF2E-9704-4A2A-BDAE-B4662ED9483B}.CD_ROM|x86.ActiveCfg = Release|x86
		{F317AF2E-9704-4A2A-BDAE-B4662ED9483B}.CD_ROM|x86.Build.0 = Release|x86
		{F317AF2E-9704-4A2A-BDAE-B4662ED9483B}.Debug|Any CPU.ActiveCfg = Debug|x86
		{F317AF2E-9704-4A2A-BDAE-B4662ED9483B}.Debug|Mixed Platforms.ActiveCfg = Debug|x86
		{F317AF2E-9704-4A2A-BDAE-B4662ED9483B}.Debug|Mixed Platforms.Build.0 = Debug|x86
		{F317AF2E-9704-4A2A-BDAE-B4662ED9483B}.Debug|x86.ActiveCfg = Debug|x86
		{F317AF2E-9704-4A2A-BDAE-B4662ED9483B}.Debug|x86.Build.0 = Debug|x86
		{F317AF2E-9704-4A2A-BDAE-B4662ED9483B}.DVD-5|Any CPU.ActiveCfg = Debug|x86
		{F317AF2E-9704-4A2A-BDAE-B4662ED9483B}.DVD-5|Mixed Platforms.ActiveCfg = Debug|x86
		{F317AF2E-9704-4A2A-BDAE-B4662ED9483B}.DVD-5|Mixed Platforms.Build.0 = Debug|x86
		{F317AF2E-9704-4A2A-BDAE-B4662ED9483B}.DVD-5|x86.ActiveCfg = Debug|x86
		{F317AF2E-9704-4A2A-BDAE-B4662ED9483B}.DVD-5|x86.Build.0 = Debug|x86
		{F317AF2E-9704-4A2A-BDAE-B4662ED9483B}.Release|Any CPU.ActiveCfg = Release|x86
		{F317AF2E-9704-4A2A-BDAE-B4662ED9483B}.Release|Mixed Platforms.ActiveCfg = Release|x86
		{F317AF2E-9704-4A2A-BDAE-B4662ED9483B}.Release|Mixed Platforms.Build.0 = Release|x86
		{F317AF2E-9704-4A2A-BDAE-B4662ED9483B}.Release|x86.ActiveCfg = Release|x86
		{F317AF2E-9704-4A2A-BDAE-B4662ED9483B}.Release|x86.Build.0 = Release|x86
		{F317AF2E-9704-4A2A-BDAE-B4662ED9483B}.SingleImage|Any CPU.ActiveCfg = Release|x86
		{F317AF2E-9704-4A2A-BDAE-B4662ED9483B}.SingleImage|Mixed Platforms.ActiveCfg = Release|x86
		{F317AF2E-9704-4A2A-BDAE-B4662ED9483B}.SingleImage|Mixed Platforms.Build.0 = Release|x86
		{F317AF2E-9704-4A2A-BDAE-B4662ED9483B}.SingleImage|x86.ActiveCfg = Release|x86
		{F317AF2E-9704-4A2A-BDAE-B4662ED9483B}.SingleImage|x86.Build.0 = Release|x86
		{76FDFEA9-AF28-43D5-9D38-9283D7F5D03D}.CD_ROM|Any CPU.ActiveCfg = Release|Any CPU
		{76FDFEA9-AF28-43D5-9D38-9283D7F5D03D}.CD_ROM|Any CPU.Build.0 = Release|Any CPU
		{76FDFEA9-AF28-43D5-9D38-9283D7F5D03D}.CD_ROM|Mixed Platforms.ActiveCfg = Release|Any CPU
		{76FDFEA9-AF28-43D5-9D38-9283D7F5D03D}.CD_ROM|Mixed Platforms.Build.0 = Release|Any CPU
		{76FDFEA9-AF28-43D5-9D38-9283D7F5D03D}.CD_ROM|x86.ActiveCfg = Release|Any CPU
		{76FDFEA9-AF28-43D5-9D38-9283D7F5D03D}.Debug|Any CPU.ActiveCfg = Debug|Any CPU
		{76FDFEA9-AF28-43D5-9D38-9283D7F5D03D}.Debug|Any CPU.Build.0 = Debug|Any CPU
		{76FDFEA9-AF28-43D5-9D38-9283D7F5D03D}.Debug|Mixed Platforms.ActiveCfg = Debug|Any CPU
		{76FDFEA9-AF28-43D5-9D38-9283D7F5D03D}.Debug|Mixed Platforms.Build.0 = Debug|Any CPU
		{76FDFEA9-AF28-43D5-9D38-9283D7F5D03D}.Debug|x86.ActiveCfg = Debug|Any CPU
		{76FDFEA9-AF28-43D5-9D38-9283D7F5D03D}.DVD-5|Any CPU.ActiveCfg = Debug|Any CPU
		{76FDFEA9-AF28-43D5-9D38-9283D7F5D03D}.DVD-5|Any CPU.Build.0 = Debug|Any CPU
		{76FDFEA9-AF28-43D5-9D38-9283D7F5D03D}.DVD-5|Mixed Platforms.ActiveCfg = Debug|Any CPU
		{76FDFEA9-AF28-43D5-9D38-9283D7F5D03D}.DVD-5|Mixed Platforms.Build.0 = Debug|Any CPU
		{76FDFEA9-AF28-43D5-9D38-9283D7F5D03D}.DVD-5|x86.ActiveCfg = Debug|Any CPU
		{76FDFEA9-AF28-43D5-9D38-9283D7F5D03D}.Release|Any CPU.ActiveCfg = Release|Any CPU
		{76FDFEA9-AF28-43D5-9D38-9283D7F5D03D}.Release|Any CPU.Build.0 = Release|Any CPU
		{76FDFEA9-AF28-43D5-9D38-9283D7F5D03D}.Release|Mixed Platforms.ActiveCfg = Release|Any CPU
		{76FDFEA9-AF28-43D5-9D38-9283D7F5D03D}.Release|Mixed Platforms.Build.0 = Release|Any CPU
		{76FDFEA9-AF28-43D5-9D38-9283D7F5D03D}.Release|x86.ActiveCfg = Release|Any CPU
		{76FDFEA9-AF28-43D5-9D38-9283D7F5D03D}.SingleImage|Any CPU.ActiveCfg = Release|Any CPU
		{76FDFEA9-AF28-43D5-9D38-9283D7F5D03D}.SingleImage|Any CPU.Build.0 = Release|Any CPU
		{76FDFEA9-AF28-43D5-9D38-9283D7F5D03D}.SingleImage|Mixed Platforms.ActiveCfg = Release|Any CPU
		{76FDFEA9-AF28-43D5-9D38-9283D7F5D03D}.SingleImage|Mixed Platforms.Build.0 = Release|Any CPU
		{76FDFEA9-AF28-43D5-9D38-9283D7F5D03D}.SingleImage|x86.ActiveCfg = Release|Any CPU
		{EFE450D1-4007-41E4-99FD-EC47B062A4BB}.CD_ROM|Any CPU.ActiveCfg = Release|Any CPU
		{EFE450D1-4007-41E4-99FD-EC47B062A4BB}.CD_ROM|Any CPU.Build.0 = Release|Any CPU
		{EFE450D1-4007-41E4-99FD-EC47B062A4BB}.CD_ROM|Mixed Platforms.ActiveCfg = Release|Any CPU
		{EFE450D1-4007-41E4-99FD-EC47B062A4BB}.CD_ROM|Mixed Platforms.Build.0 = Release|Any CPU
		{EFE450D1-4007-41E4-99FD-EC47B062A4BB}.CD_ROM|x86.ActiveCfg = Release|Any CPU
		{EFE450D1-4007-41E4-99FD-EC47B062A4BB}.Debug|Any CPU.ActiveCfg = Debug|Any CPU
		{EFE450D1-4007-41E4-99FD-EC47B062A4BB}.Debug|Any CPU.Build.0 = Debug|Any CPU
		{EFE450D1-4007-41E4-99FD-EC47B062A4BB}.Debug|Mixed Platforms.ActiveCfg = Debug|Any CPU
		{EFE450D1-4007-41E4-99FD-EC47B062A4BB}.Debug|Mixed Platforms.Build.0 = Debug|Any CPU
		{EFE450D1-4007-41E4-99FD-EC47B062A4BB}.Debug|x86.ActiveCfg = Debug|Any CPU
		{EFE450D1-4007-41E4-99FD-EC47B062A4BB}.DVD-5|Any CPU.ActiveCfg = Debug|Any CPU
		{EFE450D1-4007-41E4-99FD-EC47B062A4BB}.DVD-5|Any CPU.Build.0 = Debug|Any CPU
		{EFE450D1-4007-41E4-99FD-EC47B062A4BB}.DVD-5|Mixed Platforms.ActiveCfg = Debug|Any CPU
		{EFE450D1-4007-41E4-99FD-EC47B062A4BB}.DVD-5|Mixed Platforms.Build.0 = Debug|Any CPU
		{EFE450D1-4007-41E4-99FD-EC47B062A4BB}.DVD-5|x86.ActiveCfg = Debug|Any CPU
		{EFE450D1-4007-41E4-99FD-EC47B062A4BB}.Release|Any CPU.ActiveCfg = Release|Any CPU
		{EFE450D1-4007-41E4-99FD-EC47B062A4BB}.Release|Any CPU.Build.0 = Release|Any CPU
		{EFE450D1-4007-41E4-99FD-EC47B062A4BB}.Release|Mixed Platforms.ActiveCfg = Release|Any CPU
		{EFE450D1-4007-41E4-99FD-EC47B062A4BB}.Release|Mixed Platforms.Build.0 = Release|Any CPU
		{EFE450D1-4007-41E4-99FD-EC47B062A4BB}.Release|x86.ActiveCfg = Release|Any CPU
		{EFE450D1-4007-41E4-99FD-EC47B062A4BB}.SingleImage|Any CPU.ActiveCfg = Release|Any CPU
		{EFE450D1-4007-41E4-99FD-EC47B062A4BB}.SingleImage|Any CPU.Build.0 = Release|Any CPU
		{EFE450D1-4007-41E4-99FD-EC47B062A4BB}.SingleImage|Mixed Platforms.ActiveCfg = Release|Any CPU
		{EFE450D1-4007-41E4-99FD-EC47B062A4BB}.SingleImage|Mixed Platforms.Build.0 = Release|Any CPU
		{EFE450D1-4007-41E4-99FD-EC47B062A4BB}.SingleImage|x86.ActiveCfg = Release|Any CPU
		{8F2303A7-448C-4F4B-BF2C-4393270CDA44}.CD_ROM|Any CPU.ActiveCfg = Release|Any CPU
		{8F2303A7-448C-4F4B-BF2C-4393270CDA44}.CD_ROM|Any CPU.Build.0 = Release|Any CPU
		{8F2303A7-448C-4F4B-BF2C-4393270CDA44}.CD_ROM|Mixed Platforms.ActiveCfg = Release|Any CPU
		{8F2303A7-448C-4F4B-BF2C-4393270CDA44}.CD_ROM|Mixed Platforms.Build.0 = Release|Any CPU
		{8F2303A7-448C-4F4B-BF2C-4393270CDA44}.CD_ROM|x86.ActiveCfg = Release|Any CPU
		{8F2303A7-448C-4F4B-BF2C-4393270CDA44}.Debug|Any CPU.ActiveCfg = Debug|Any CPU
		{8F2303A7-448C-4F4B-BF2C-4393270CDA44}.Debug|Any CPU.Build.0 = Debug|Any CPU
		{8F2303A7-448C-4F4B-BF2C-4393270CDA44}.Debug|Mixed Platforms.ActiveCfg = Debug|Any CPU
		{8F2303A7-448C-4F4B-BF2C-4393270CDA44}.Debug|Mixed Platforms.Build.0 = Debug|Any CPU
		{8F2303A7-448C-4F4B-BF2C-4393270CDA44}.Debug|x86.ActiveCfg = Debug|Any CPU
		{8F2303A7-448C-4F4B-BF2C-4393270CDA44}.DVD-5|Any CPU.ActiveCfg = Debug|Any CPU
		{8F2303A7-448C-4F4B-BF2C-4393270CDA44}.DVD-5|Any CPU.Build.0 = Debug|Any CPU
		{8F2303A7-448C-4F4B-BF2C-4393270CDA44}.DVD-5|Mixed Platforms.ActiveCfg = Debug|Any CPU
		{8F2303A7-448C-4F4B-BF2C-4393270CDA44}.DVD-5|Mixed Platforms.Build.0 = Debug|Any CPU
		{8F2303A7-448C-4F4B-BF2C-4393270CDA44}.DVD-5|x86.ActiveCfg = Debug|Any CPU
		{8F2303A7-448C-4F4B-BF2C-4393270CDA44}.Release|Any CPU.ActiveCfg = Release|Any CPU
		{8F2303A7-448C-4F4B-BF2C-4393270CDA44}.Release|Any CPU.Build.0 = Release|Any CPU
		{8F2303A7-448C-4F4B-BF2C-4393270CDA44}.Release|Mixed Platforms.ActiveCfg = Release|Any CPU
		{8F2303A7-448C-4F4B-BF2C-4393270CDA44}.Release|Mixed Platforms.Build.0 = Release|Any CPU
		{8F2303A7-448C-4F4B-BF2C-4393270CDA44}.Release|x86.ActiveCfg = Release|Any CPU
		{8F2303A7-448C-4F4B-BF2C-4393270CDA44}.SingleImage|Any CPU.ActiveCfg = Release|Any CPU
		{8F2303A7-448C-4F4B-BF2C-4393270CDA44}.SingleImage|Any CPU.Build.0 = Release|Any CPU
		{8F2303A7-448C-4F4B-BF2C-4393270CDA44}.SingleImage|Mixed Platforms.ActiveCfg = Release|Any CPU
		{8F2303A7-448C-4F4B-BF2C-4393270CDA44}.SingleImage|Mixed Platforms.Build.0 = Release|Any CPU
		{8F2303A7-448C-4F4B-BF2C-4393270CDA44}.SingleImage|x86.ActiveCfg = Release|Any CPU
	EndGlobalSection
	GlobalSection(SolutionProperties) = preSolution
		HideSolutionNode = FALSE
	EndGlobalSection
EndGlobal
